
Microsoft Visual Studio Solution File, Format Version 12.00
# Visual Studio 15
Project("{FAE04EC0-301F-11D3-BF4B-00C04F79EFBC}") = "PlayFab", "PlayFab.csproj", "{B02D2499-02E1-49BB-031B-4D4A8C99FEF6}"
EndProject
Project("{FAE04EC0-301F-11D3-BF4B-00C04F79EFBC}") = "Assembly-CSharp", "Assembly-CSharp.csproj", "{514CA9EA-B050-F575-7428-20C5A2FE55F4}"
EndProject
Project("{FAE04EC0-301F-11D3-BF4B-00C04F79EFBC}") = "PlayFabEditorExtensions", "PlayFabEditorExtensions.csproj", "{3302C9A5-5358-748F-12D4-3708C4E9F419}"
EndProject
Project("{FAE04EC0-301F-11D3-BF4B-00C04F79EFBC}") = "Assembly-CSharp-Editor", "Assembly-CSharp-Editor.csproj", "{E1EA535B-EB2F-11F9-98E7-469E2DF694FB}"
EndProject
Project("{FAE04EC0-301F-11D3-BF4B-00C04F79EFBC}") = "PlayFabSDKEditor", "PlayFabSDKEditor.csproj", "{16844379-3AC6-FDDA-D90B-CB063148D18B}"
EndProject
Global
	GlobalSection(SolutionConfigurationPlatforms) = preSolution
		Debug|Any CPU = Debug|Any CPU
		Release|Any CPU = Release|Any CPU
	EndGlobalSection
	GlobalSection(ProjectConfigurationPlatforms) = postSolution
		{B02D2499-02E1-49BB-031B-4D4A8C99FEF6}.Debug|Any CPU.ActiveCfg = Debug|Any CPU
		{B02D2499-02E1-49BB-031B-4D4A8C99FEF6}.Debug|Any CPU.Build.0 = Debug|Any CPU
		{B02D2499-02E1-49BB-031B-4D4A8C99FEF6}.Release|Any CPU.ActiveCfg = Release|Any CPU
		{B02D2499-02E1-49BB-031B-4D4A8C99FEF6}.Release|Any CPU.Build.0 = Release|Any CPU
		{514CA9EA-B050-F575-7428-20C5A2FE55F4}.Debug|Any CPU.ActiveCfg = Debug|Any CPU
		{514CA9EA-B050-F575-7428-20C5A2FE55F4}.Debug|Any CPU.Build.0 = Debug|Any CPU
		{514CA9EA-B050-F575-7428-20C5A2FE55F4}.Release|Any CPU.ActiveCfg = Release|Any CPU
		{514CA9EA-B050-F575-7428-20C5A2FE55F4}.Release|Any CPU.Build.0 = Release|Any CPU
		{3302C9A5-5358-748F-12D4-3708C4E9F419}.Debug|Any CPU.ActiveCfg = Debug|Any CPU
		{3302C9A5-5358-748F-12D4-3708C4E9F419}.Debug|Any CPU.Build.0 = Debug|Any CPU
		{3302C9A5-5358-748F-12D4-3708C4E9F419}.Release|Any CPU.ActiveCfg = Release|Any CPU
		{3302C9A5-5358-748F-12D4-3708C4E9F419}.Release|Any CPU.Build.0 = Release|Any CPU
		{E1EA535B-EB2F-11F9-98E7-469E2DF694FB}.Debug|Any CPU.ActiveCfg = Debug|Any CPU
		{E1EA535B-EB2F-11F9-98E7-469E2DF694FB}.Debug|Any CPU.Build.0 = Debug|Any CPU
		{E1EA535B-EB2F-11F9-98E7-469E2DF694FB}.Release|Any CPU.ActiveCfg = Release|Any CPU
		{E1EA535B-EB2F-11F9-98E7-469E2DF694FB}.Release|Any CPU.Build.0 = Release|Any CPU
		{16844379-3AC6-FDDA-D90B-CB063148D18B}.Debug|Any CPU.ActiveCfg = Debug|Any CPU
		{16844379-3AC6-FDDA-D90B-CB063148D18B}.Debug|Any CPU.Build.0 = Debug|Any CPU
		{16844379-3AC6-FDDA-D90B-CB063148D18B}.Release|Any CPU.ActiveCfg = Release|Any CPU
		{16844379-3AC6-FDDA-D90B-CB063148D18B}.Release|Any CPU.Build.0 = Release|Any CPU
	EndGlobalSection
	GlobalSection(SolutionProperties) = preSolution
		HideSolutionNode = FALSE
	EndGlobalSection
EndGlobal
